<?xml version="1.0"?>
<CONFIG>
  <ProjectOptions>
    <Version Value="9"/>
    <General>
      <MainUnit Value="0"/>
      <ResourceType Value="res"/>
      <UseXPManifest Value="True"/>
      <Icon Value="0"/>
      <ActiveWindowIndexAtStart Value="0"/>
    </General>
    <i18n>
      <EnableI18N LFM="False"/>
    </i18n>
    <VersionInfo>
      <StringTable ProductVersion=""/>
    </VersionInfo>
    <PublishOptions>
      <Version Value="2"/>
      <IncludeFileFilter Value="*.(pas|pp|inc|lfm|lpr|lrs|lpi|lpk|sh|xml)"/>
      <ExcludeFileFilter Value="*.(bak|ppu|ppw|o|so);*~;backup"/>
    </PublishOptions>
    <RunParams>
      <local>
        <FormatVersion Value="1"/>
        <LaunchingApplication Use="True" PathPlusParams="/usr/bin/xterm -T 'Lazarus Run Output' -e $(LazarusDir)/tools/runwait.sh $(TargetCmdLine)"/>
      </local>
    </RunParams>
    <RequiredPackages Count="1">
      <Item1>
        <PackageName Value="LCL"/>
      </Item1>
    </RequiredPackages>
    <Units Count="19">
      <Unit0>
        <Filename Value="project1.lpr"/>
        <IsPartOfProject Value="True"/>
        <UnitName Value="project1"/>
        <UsageCount Value="35"/>
      </Unit0>
      <Unit1>
        <Filename Value="MainUI.pas"/>
        <IsPartOfProject Value="True"/>
        <ComponentName Value="Form1"/>
        <ResourceBaseClass Value="Form"/>
        <UnitName Value="MainUI"/>
        <IsVisibleTab Value="True"/>
        <EditorIndex Value="0"/>
        <WindowIndex Value="0"/>
        <TopLine Value="112"/>
        <CursorPos X="45" Y="131"/>
        <UsageCount Value="35"/>
        <Loaded Value="True"/>
        <LoadedDesigner Value="True"/>
      </Unit1>
      <Unit2>
        <Filename Value="../../Projects/lazarus_svn/lcl/controls.pp"/>
        <UnitName Value="Controls"/>
        <EditorIndex Value="11"/>
        <WindowIndex Value="0"/>
        <TopLine Value="126"/>
        <CursorPos X="3" Y="144"/>
        <UsageCount Value="18"/>
        <Loaded Value="True"/>
      </Unit2>
      <Unit3>
        <Filename Value="../../Projects/lazarus_svn/lcl/include/graphiccontrol.inc"/>
        <WindowIndex Value="0"/>
        <TopLine Value="79"/>
        <CursorPos X="3" Y="95"/>
        <UsageCount Value="10"/>
      </Unit3>
      <Unit4>
        <Filename Value="../selector/selector.pas"/>
        <UnitName Value="selector"/>
        <WindowIndex Value="0"/>
        <TopLine Value="34"/>
        <CursorPos X="18" Y="53"/>
        <UsageCount Value="16"/>
      </Unit4>
      <Unit5>
        <Filename Value="../../Projects/lazarus_svn/lcl/forms.pp"/>
        <UnitName Value="Forms"/>
        <EditorIndex Value="10"/>
        <WindowIndex Value="0"/>
        <TopLine Value="63"/>
        <CursorPos X="35" Y="81"/>
        <UsageCount Value="17"/>
        <Loaded Value="True"/>
      </Unit5>
      <Unit6>
        <Filename Value="../leptonica/leptonica.pas"/>
        <IsPartOfProject Value="True"/>
        <UnitName Value="leptonica"/>
        <EditorIndex Value="8"/>
        <WindowIndex Value="0"/>
        <TopLine Value="67"/>
        <CursorPos X="1" Y="1"/>
        <UsageCount Value="33"/>
        <Loaded Value="True"/>
      </Unit6>
      <Unit7>
        <Filename Value="../leptonica/LibLeptUtils.pas"/>
        <IsPartOfProject Value="True"/>
        <UnitName Value="LibLeptUtils"/>
        <EditorIndex Value="9"/>
        <WindowIndex Value="0"/>
        <TopLine Value="1"/>
        <CursorPos X="40" Y="10"/>
        <UsageCount Value="33"/>
        <Loaded Value="True"/>
      </Unit7>
      <Unit8>
        <Filename Value="../../Projects/lazarus_svn/lcl/include/customcontrol.inc"/>
        <EditorIndex Value="12"/>
        <WindowIndex Value="0"/>
        <TopLine Value="102"/>
        <CursorPos X="3" Y="111"/>
        <UsageCount Value="13"/>
        <Loaded Value="True"/>
      </Unit8>
      <Unit9>
        <Filename Value="pageviewer.pas"/>
        <IsPartOfProject Value="True"/>
        <UnitName Value="pageviewer"/>
        <EditorIndex Value="7"/>
        <WindowIndex Value="0"/>
        <TopLine Value="1"/>
        <CursorPos X="28" Y="8"/>
        <UsageCount Value="26"/>
        <Loaded Value="True"/>
      </Unit9>
      <Unit10>
        <Filename Value="../../Projects/lazarus_svn/lcl/stdctrls.pp"/>
        <UnitName Value="StdCtrls"/>
        <WindowIndex Value="0"/>
        <TopLine Value="515"/>
        <CursorPos X="15" Y="533"/>
        <UsageCount Value="11"/>
      </Unit10>
      <Unit11>
        <Filename Value="../../Projects/lazarus_svn/lcl/lcltype.pp"/>
        <UnitName Value="LCLType"/>
        <EditorIndex Value="6"/>
        <WindowIndex Value="0"/>
        <TopLine Value="1050"/>
        <CursorPos X="3" Y="1068"/>
        <UsageCount Value="12"/>
        <Loaded Value="True"/>
      </Unit11>
      <Unit12>
        <Filename Value="OcrivistData.pas"/>
        <IsPartOfProject Value="True"/>
        <UnitName Value="OcrivistData"/>
        <EditorIndex Value="1"/>
        <WindowIndex Value="0"/>
        <TopLine Value="22"/>
        <CursorPos X="15" Y="99"/>
        <UsageCount Value="23"/>
        <Loaded Value="True"/>
      </Unit12>
      <Unit13>
        <Filename Value="/media/data1/fpc-2.4.0-src/rtl/inc/objpash.inc"/>
        <EditorIndex Value="2"/>
        <WindowIndex Value="0"/>
        <TopLine Value="157"/>
        <CursorPos X="23" Y="175"/>
        <UsageCount Value="10"/>
        <Loaded Value="True"/>
      </Unit13>
      <Unit14>
        <Filename Value="/media/data1/fpc-2.4.0-src/rtl/inc/objpas.inc"/>
        <EditorIndex Value="3"/>
        <WindowIndex Value="0"/>
        <TopLine Value="147"/>
        <CursorPos X="29" Y="150"/>
        <UsageCount Value="10"/>
        <Loaded Value="True"/>
      </Unit14>
      <Unit15>
        <Filename Value="selector/selector.pas"/>
        <IsPartOfProject Value="True"/>
        <UnitName Value="selector"/>
        <UsageCount Value="23"/>
      </Unit15>
      <Unit16>
        <Filename Value="../../Projects/lazarus_svn/lcl/include/customlistbox.inc"/>
        <WindowIndex Value="0"/>
        <TopLine Value="485"/>
        <CursorPos X="45" Y="488"/>
        <UsageCount Value="10"/>
      </Unit16>
      <Unit17>
        <Filename Value="/media/data1/fpc-2.4.0-src/rtl/objpas/classes/classesh.inc"/>
        <EditorIndex Value="4"/>
        <WindowIndex Value="0"/>
        <TopLine Value="612"/>
        <CursorPos X="15" Y="630"/>
        <UsageCount Value="11"/>
        <Loaded Value="True"/>
      </Unit17>
      <Unit18>
        <Filename Value="/media/data1/fpc-2.4.0-src/rtl/objpas/classes/stringl.inc"/>
        <EditorIndex Value="5"/>
        <WindowIndex Value="0"/>
        <TopLine Value="906"/>
        <CursorPos X="3" Y="908"/>
        <UsageCount Value="10"/>
        <Loaded Value="True"/>
      </Unit18>
    </Units>
    <JumpHistory Count="30" HistoryIndex="29">
      <Position1>
        <Filename Value="MainUI.pas"/>
        <Caret Line="100" Column="66" TopLine="82"/>
      </Position1>
      <Position2>
        <Filename Value="MainUI.pas"/>
        <Caret Line="42" Column="15" TopLine="24"/>
      </Position2>
      <Position3>
        <Filename Value="MainUI.pas"/>
        <Caret Line="127" Column="44" TopLine="111"/>
      </Position3>
      <Position4>
        <Filename Value="MainUI.pas"/>
        <Caret Line="126" Column="9" TopLine="108"/>
      </Position4>
      <Position5>
        <Filename Value="MainUI.pas"/>
        <Caret Line="128" Column="7" TopLine="109"/>
      </Position5>
      <Position6>
        <Filename Value="MainUI.pas"/>
        <Caret Line="141" Column="3" TopLine="117"/>
      </Position6>
      <Position7>
        <Filename Value="MainUI.pas"/>
        <Caret Line="126" Column="42" TopLine="121"/>
      </Position7>
      <Position8>
        <Filename Value="OcrivistData.pas"/>
        <Caret Line="10" Column="28" TopLine="1"/>
      </Position8>
      <Position9>
        <Filename Value="OcrivistData.pas"/>
        <Caret Line="11" Column="29" TopLine="1"/>
      </Position9>
      <Position10>
        <Filename Value="MainUI.pas"/>
        <Caret Line="103" Column="33" TopLine="91"/>
      </Position10>
      <Position11>
        <Filename Value="MainUI.pas"/>
        <Caret Line="22" Column="20" TopLine="4"/>
      </Position11>
      <Position12>
        <Filename Value="/media/data1/fpc-2.4.0-src/rtl/objpas/classes/classesh.inc"/>
        <Caret Line="582" Column="53" TopLine="556"/>
      </Position12>
      <Position13>
        <Filename Value="OcrivistData.pas"/>
        <Caret Line="28" Column="38" TopLine="1"/>
      </Position13>
      <Position14>
        <Filename Value="OcrivistData.pas"/>
        <Caret Line="33" Column="60" TopLine="1"/>
      </Position14>
      <Position15>
        <Filename Value="OcrivistData.pas"/>
        <Caret Line="36" Column="21" TopLine="18"/>
      </Position15>
      <Position16>
        <Filename Value="OcrivistData.pas"/>
        <Caret Line="20" Column="15" TopLine="17"/>
      </Position16>
      <Position17>
        <Filename Value="OcrivistData.pas"/>
        <Caret Line="25" Column="37" TopLine="3"/>
      </Position17>
      <Position18>
        <Filename Value="OcrivistData.pas"/>
        <Caret Line="28" Column="82" TopLine="7"/>
      </Position18>
      <Position19>
        <Filename Value="/media/data1/fpc-2.4.0-src/rtl/objpas/classes/stringl.inc"/>
        <Caret Line="547" Column="8" TopLine="543"/>
      </Position19>
      <Position20>
        <Filename Value="OcrivistData.pas"/>
        <Caret Line="17" Column="19" TopLine="3"/>
      </Position20>
      <Position21>
        <Filename Value="/media/data1/fpc-2.4.0-src/rtl/objpas/classes/stringl.inc"/>
        <Caret Line="1111" Column="10" TopLine="1100"/>
      </Position21>
      <Position22>
        <Filename Value="OcrivistData.pas"/>
        <Caret Line="113" Column="27" TopLine="91"/>
      </Position22>
      <Position23>
        <Filename Value="OcrivistData.pas"/>
        <Caret Line="115" Column="8" TopLine="93"/>
      </Position23>
      <Position24>
        <Filename Value="OcrivistData.pas"/>
        <Caret Line="116" Column="32" TopLine="93"/>
      </Position24>
      <Position25>
        <Filename Value="OcrivistData.pas"/>
        <Caret Line="54" Column="63" TopLine="27"/>
      </Position25>
      <Position26>
        <Filename Value="OcrivistData.pas"/>
        <Caret Line="82" Column="33" TopLine="54"/>
      </Position26>
      <Position27>
        <Filename Value="OcrivistData.pas"/>
        <Caret Line="45" Column="20" TopLine="27"/>
      </Position27>
      <Position28>
        <Filename Value="/media/data1/fpc-2.4.0-src/rtl/inc/objpas.inc"/>
        <Caret Line="150" Column="29" TopLine="147"/>
      </Position28>
      <Position29>
        <Filename Value="MainUI.pas"/>
        <Caret Line="128" Column="3" TopLine="114"/>
      </Position29>
      <Position30>
        <Filename Value="OcrivistData.pas"/>
        <Caret Line="48" Column="20" TopLine="28"/>
      </Position30>
    </JumpHistory>
  </ProjectOptions>
  <CompilerOptions>
    <Version Value="9"/>
    <Target>
      <Filename Value="project1"/>
    </Target>
    <SearchPaths>
      <IncludeFiles Value="$(ProjOutDir)/"/>
      <OtherUnitFiles Value="../leptonica/;selector/"/>
      <UnitOutputDirectory Value="lib/$(TargetCPU)-$(TargetOS)"/>
    </SearchPaths>
    <Linking>
      <Debugging>
        <GenerateDebugInfo Value="True"/>
        <UseHeaptrc Value="True"/>
      </Debugging>
      <Options>
        <Win32>
          <GraphicApplication Value="True"/>
        </Win32>
      </Options>
    </Linking>
    <Other>
      <CompilerMessages>
        <UseMsgFile Value="True"/>
      </CompilerMessages>
      <CompilerPath Value="$(CompPath)"/>
    </Other>
  </CompilerOptions>
  <Debugging>
    <Exceptions Count="3">
      <Item1>
        <Name Value="EAbort"/>
      </Item1>
      <Item2>
        <Name Value="ECodetoolError"/>
      </Item2>
      <Item3>
        <Name Value="EFOpenError"/>
      </Item3>
    </Exceptions>
  </Debugging>
</CONFIG>
